
Microsoft Visual Studio Solution File, Format Version 12.00
# Visual Studio Version 17
VisualStudioVersion = 17.14.36221.1 d17.14
MinimumVisualStudioVersion = 10.0.40219.1
Project("{FAE04EC0-301F-11D3-BF4B-00C04F79EFBC}") = "RafaelSQLServer", "RafaelSQLServer.csproj", "{4770439F-405D-4205-A6E8-78C8B17AF94D}"
EndProject
Global
	GlobalSection(SolutionConfigurationPlatforms) = preSolution
		Debug|Any CPU = Debug|Any CPU
		Release|Any CPU = Release|Any CPU
	EndGlobalSection
	GlobalSection(ProjectConfigurationPlatforms) = postSolution
		{4770439F-405D-4205-A6E8-78C8B17AF94D}.Debug|Any CPU.ActiveCfg = Debug|Any CPU
		{4770439F-405D-4205-A6E8-78C8B17AF94D}.Debug|Any CPU.Build.0 = Debug|Any CPU
		{4770439F-405D-4205-A6E8-78C8B17AF94D}.Release|Any CPU.ActiveCfg = Release|Any CPU
		{4770439F-405D-4205-A6E8-78C8B17AF94D}.Release|Any CPU.Build.0 = Release|Any CPU
	EndGlobalSection
	GlobalSection(SolutionProperties) = preSolution
		HideSolutionNode = FALSE
	EndGlobalSection
	GlobalSection(ExtensibilityGlobals) = postSolution
		SolutionGuid = {8E7B5BA1-7E39-49AA-8C7A-E66633FF03B8}
	EndGlobalSection
EndGlobal
